
Microsoft Visual Studio Solution File, Format Version 12.00
# Visual Studio Version 16
VisualStudioVersion = 16.0.32126.315
MinimumVisualStudioVersion = 10.0.40219.1
Project("{FAE04EC0-301F-11D3-BF4B-00C04F79EFBC}") = "MVCapp1", "MVCapp1\MVCapp1.csproj", "{03989844-7306-481A-916A-005F1415497E}"
EndProject
Global
	GlobalSection(SolutionConfigurationPlatforms) = preSolution
		Debug|Any CPU = Debug|Any CPU
		Release|Any CPU = Release|Any CPU
	EndGlobalSection
	GlobalSection(ProjectConfigurationPlatforms) = postSolution
		{03989844-7306-481A-916A-005F1415497E}.Debug|Any CPU.ActiveCfg = Debug|Any CPU
		{03989844-7306-481A-916A-005F1415497E}.Debug|Any CPU.Build.0 = Debug|Any CPU
		{03989844-7306-481A-916A-005F1415497E}.Release|Any CPU.ActiveCfg = Release|Any CPU
		{03989844-7306-481A-916A-005F1415497E}.Release|Any CPU.Build.0 = Release|Any CPU
	EndGlobalSection
	GlobalSection(SolutionProperties) = preSolution
		HideSolutionNode = FALSE
	EndGlobalSection
	GlobalSection(ExtensibilityGlobals) = postSolution
		SolutionGuid = {E19D5BDA-EA92-4534-B081-2F16EE0ECBF0}
	EndGlobalSection
EndGlobal
