
Microsoft Visual Studio Solution File, Format Version 12.00
# Visual Studio Version 16
VisualStudioVersion = 16.0.32126.315
MinimumVisualStudioVersion = 10.0.40219.1
Project("{FAE04EC0-301F-11D3-BF4B-00C04F79EFBC}") = "IncomeComparison", "IncomeComparison\IncomeComparison.csproj", "{A46AEA23-E075-4A16-8A5D-E2C815D2C839}"
EndProject
Global
	GlobalSection(SolutionConfigurationPlatforms) = preSolution
		Debug|Any CPU = Debug|Any CPU
		Release|Any CPU = Release|Any CPU
	EndGlobalSection
	GlobalSection(ProjectConfigurationPlatforms) = postSolution
		{A46AEA23-E075-4A16-8A5D-E2C815D2C839}.Debug|Any CPU.ActiveCfg = Debug|Any CPU
		{A46AEA23-E075-4A16-8A5D-E2C815D2C839}.Debug|Any CPU.Build.0 = Debug|Any CPU
		{A46AEA23-E075-4A16-8A5D-E2C815D2C839}.Release|Any CPU.ActiveCfg = Release|Any CPU
		{A46AEA23-E075-4A16-8A5D-E2C815D2C839}.Release|Any CPU.Build.0 = Release|Any CPU
	EndGlobalSection
	GlobalSection(SolutionProperties) = preSolution
		HideSolutionNode = FALSE
	EndGlobalSection
	GlobalSection(ExtensibilityGlobals) = postSolution
		SolutionGuid = {BBA2AD93-7274-4AE5-9B6D-75193B9E88EC}
	EndGlobalSection
EndGlobal
