
Microsoft Visual Studio Solution File, Format Version 12.00
# Visual Studio Version 16
VisualStudioVersion = 16.0.32126.315
MinimumVisualStudioVersion = 10.0.40219.1
Project("{FAE04EC0-301F-11D3-BF4B-00C04F79EFBC}") = "PersonClassAssignment", "PersonClassAssignment\PersonClassAssignment.csproj", "{5892F3CD-A831-4F86-9BE0-048FC770EF5A}"
EndProject
Global
	GlobalSection(SolutionConfigurationPlatforms) = preSolution
		Debug|Any CPU = Debug|Any CPU
		Release|Any CPU = Release|Any CPU
	EndGlobalSection
	GlobalSection(ProjectConfigurationPlatforms) = postSolution
		{5892F3CD-A831-4F86-9BE0-048FC770EF5A}.Debug|Any CPU.ActiveCfg = Debug|Any CPU
		{5892F3CD-A831-4F86-9BE0-048FC770EF5A}.Debug|Any CPU.Build.0 = Debug|Any CPU
		{5892F3CD-A831-4F86-9BE0-048FC770EF5A}.Release|Any CPU.ActiveCfg = Release|Any CPU
		{5892F3CD-A831-4F86-9BE0-048FC770EF5A}.Release|Any CPU.Build.0 = Release|Any CPU
	EndGlobalSection
	GlobalSection(SolutionProperties) = preSolution
		HideSolutionNode = FALSE
	EndGlobalSection
	GlobalSection(ExtensibilityGlobals) = postSolution
		SolutionGuid = {49F210F9-274E-44C6-8CE3-2BF3CF70B0CD}
	EndGlobalSection
EndGlobal
