
Microsoft Visual Studio Solution File, Format Version 12.00
# Visual Studio Version 16
VisualStudioVersion = 16.0.32126.315
MinimumVisualStudioVersion = 10.0.40219.1
Project("{FAE04EC0-301F-11D3-BF4B-00C04F79EFBC}") = "AutoInsurance", "AutoInsurance\AutoInsurance.csproj", "{BFC59F1A-7ED2-45BD-938B-9E7A1FF0D2E4}"
EndProject
Global
	GlobalSection(SolutionConfigurationPlatforms) = preSolution
		Debug|Any CPU = Debug|Any CPU
		Release|Any CPU = Release|Any CPU
	EndGlobalSection
	GlobalSection(ProjectConfigurationPlatforms) = postSolution
		{BFC59F1A-7ED2-45BD-938B-9E7A1FF0D2E4}.Debug|Any CPU.ActiveCfg = Debug|Any CPU
		{BFC59F1A-7ED2-45BD-938B-9E7A1FF0D2E4}.Debug|Any CPU.Build.0 = Debug|Any CPU
		{BFC59F1A-7ED2-45BD-938B-9E7A1FF0D2E4}.Release|Any CPU.ActiveCfg = Release|Any CPU
		{BFC59F1A-7ED2-45BD-938B-9E7A1FF0D2E4}.Release|Any CPU.Build.0 = Release|Any CPU
	EndGlobalSection
	GlobalSection(SolutionProperties) = preSolution
		HideSolutionNode = FALSE
	EndGlobalSection
	GlobalSection(ExtensibilityGlobals) = postSolution
		SolutionGuid = {3CE415E0-E720-4191-8BDF-9777BBDBDBAF}
	EndGlobalSection
EndGlobal
