
Microsoft Visual Studio Solution File, Format Version 12.00
# Visual Studio Version 16
VisualStudioVersion = 16.0.32126.315
MinimumVisualStudioVersion = 10.0.40219.1
Project("{FAE04EC0-301F-11D3-BF4B-00C04F79EFBC}") = "Branching", "Branching\Branching.csproj", "{D38EFA8C-9444-4610-B30E-D8F5D96E6B40}"
EndProject
Global
	GlobalSection(SolutionConfigurationPlatforms) = preSolution
		Debug|Any CPU = Debug|Any CPU
		Release|Any CPU = Release|Any CPU
	EndGlobalSection
	GlobalSection(ProjectConfigurationPlatforms) = postSolution
		{D38EFA8C-9444-4610-B30E-D8F5D96E6B40}.Debug|Any CPU.ActiveCfg = Debug|Any CPU
		{D38EFA8C-9444-4610-B30E-D8F5D96E6B40}.Debug|Any CPU.Build.0 = Debug|Any CPU
		{D38EFA8C-9444-4610-B30E-D8F5D96E6B40}.Release|Any CPU.ActiveCfg = Release|Any CPU
		{D38EFA8C-9444-4610-B30E-D8F5D96E6B40}.Release|Any CPU.Build.0 = Release|Any CPU
	EndGlobalSection
	GlobalSection(SolutionProperties) = preSolution
		HideSolutionNode = FALSE
	EndGlobalSection
	GlobalSection(ExtensibilityGlobals) = postSolution
		SolutionGuid = {1C5B3786-2578-48B5-B434-9E5073C1F3F3}
	EndGlobalSection
EndGlobal
